
Microsoft Visual Studio Solution File, Format Version 12.00
# Visual Studio Version 17
VisualStudioVersion = 17.9.34714.143
MinimumVisualStudioVersion = 10.0.40219.1
Project("{FAE04EC0-301F-11D3-BF4B-00C04F79EFBC}") = "Atividade #1", "Atividade #1\Atividade #1.csproj", "{A0256CB0-FECC-4CB0-A927-7317F17B8A00}"
EndProject
Global
	GlobalSection(SolutionConfigurationPlatforms) = preSolution
		Debug|Any CPU = Debug|Any CPU
		Release|Any CPU = Release|Any CPU
	EndGlobalSection
	GlobalSection(ProjectConfigurationPlatforms) = postSolution
		{A0256CB0-FECC-4CB0-A927-7317F17B8A00}.Debug|Any CPU.ActiveCfg = Debug|Any CPU
		{A0256CB0-FECC-4CB0-A927-7317F17B8A00}.Debug|Any CPU.Build.0 = Debug|Any CPU
		{A0256CB0-FECC-4CB0-A927-7317F17B8A00}.Release|Any CPU.ActiveCfg = Release|Any CPU
		{A0256CB0-FECC-4CB0-A927-7317F17B8A00}.Release|Any CPU.Build.0 = Release|Any CPU
	EndGlobalSection
	GlobalSection(SolutionProperties) = preSolution
		HideSolutionNode = FALSE
	EndGlobalSection
	GlobalSection(ExtensibilityGlobals) = postSolution
		SolutionGuid = {DE92B090-560C-4BAA-8EBF-6CF19350BB59}
	EndGlobalSection
EndGlobal
